
Microsoft Visual Studio Solution File, Format Version 12.00
# Visual Studio Version 16
VisualStudioVersion = 16.0.30011.22
MinimumVisualStudioVersion = 10.0.40219.1
Project("{FAE04EC0-301F-11D3-BF4B-00C04F79EFBC}") = "EventRegistrationSystem", "EventRegistrationSystem.csproj", "{FC55ADB0-47CF-4EF3-AABE-64CDE1853BC5}"
EndProject
Global
	GlobalSection(SolutionConfigurationPlatforms) = preSolution
		Debug|Any CPU = Debug|Any CPU
		Release|Any CPU = Release|Any CPU
	EndGlobalSection
	GlobalSection(ProjectConfigurationPlatforms) = postSolution
		{FC55ADB0-47CF-4EF3-AABE-64CDE1853BC5}.Debug|Any CPU.ActiveCfg = Debug|Any CPU
		{FC55ADB0-47CF-4EF3-AABE-64CDE1853BC5}.Debug|Any CPU.Build.0 = Debug|Any CPU
		{FC55ADB0-47CF-4EF3-AABE-64CDE1853BC5}.Release|Any CPU.ActiveCfg = Release|Any CPU
		{FC55ADB0-47CF-4EF3-AABE-64CDE1853BC5}.Release|Any CPU.Build.0 = Release|Any CPU
	EndGlobalSection
	GlobalSection(SolutionProperties) = preSolution
		HideSolutionNode = FALSE
	EndGlobalSection
	GlobalSection(ExtensibilityGlobals) = postSolution
		SolutionGuid = {518B6366-1AA0-40C6-95B1-A5D6C8362FEA}
	EndGlobalSection
EndGlobal
